// !$*UTF8*$!
{
	archiveVersion = 1;
	classes = {
	};
	objectVersion = 46;
	objects = {

/* Begin PBXBuildFile section */
		347815311C6D7C1A00DDC5BC /* main.m in Sources */ = {isa = PBXBuildFile; fileRef = 347815301C6D7C1A00DDC5BC /* main.m */; };
		347815341C6D7C1A00DDC5BC /* AppDelegate.m in Sources */ = {isa = PBXBuildFile; fileRef = 347815331C6D7C1A00DDC5BC /* AppDelegate.m */; };
		347815371C6D7C1A00DDC5BC /* GameScene.m in Sources */ = {isa = PBXBuildFile; fileRef = 347815361C6D7C1A00DDC5BC /* GameScene.m */; };
		347815391C6D7C1A00DDC5BC /* GameScene.sks in Resources */ = {isa = PBXBuildFile; fileRef = 347815381C6D7C1A00DDC5BC /* GameScene.sks */; };
		3478153C1C6D7C1A00DDC5BC /* GameViewController.m in Sources */ = {isa = PBXBuildFile; fileRef = 3478153B1C6D7C1A00DDC5BC /* GameViewController.m */; };
		3478153F1C6D7C1A00DDC5BC /* Main.storyboard in Resources */ = {isa = PBXBuildFile; fileRef = 3478153D1C6D7C1A00DDC5BC /* Main.storyboard */; };
		347815411C6D7C1A00DDC5BC /* Assets.xcassets in Resources */ = {isa = PBXBuildFile; fileRef = 347815401C6D7C1A00DDC5BC /* Assets.xcassets */; };
		347815441C6D7C1A00DDC5BC /* LaunchScreen.storyboard in Resources */ = {isa = PBXBuildFile; fileRef = 347815421C6D7C1A00DDC5BC /* LaunchScreen.storyboard */; };
		3478154F1C6D7C1A00DDC5BC /* PokemonTests.m in Sources */ = {isa = PBXBuildFile; fileRef = 3478154E1C6D7C1A00DDC5BC /* PokemonTests.m */; };
		3478155A1C6D7C1A00DDC5BC /* PokemonUITests.m in Sources */ = {isa = PBXBuildFile; fileRef = 347815591C6D7C1A00DDC5BC /* PokemonUITests.m */; };
/* End PBXBuildFile section */

/* Begin PBXContainerItemProxy section */
		3478154B1C6D7C1A00DDC5BC /* PBXContainerItemProxy */ = {
			isa = PBXContainerItemProxy;
			containerPortal = 347815241C6D7C1A00DDC5BC /* Project object */;
			proxyType = 1;
			remoteGlobalIDString = 3478152B1C6D7C1A00DDC5BC;
			remoteInfo = Pokemon;
		};
		347815561C6D7C1A00DDC5BC /* PBXContainerItemProxy */ = {
			isa = PBXContainerItemProxy;
			containerPortal = 347815241C6D7C1A00DDC5BC /* Project object */;
			proxyType = 1;
			remoteGlobalIDString = 3478152B1C6D7C1A00DDC5BC;
			remoteInfo = Pokemon;
		};
/* End PBXContainerItemProxy section */

/* Begin PBXFileReference section */
		3478152C1C6D7C1A00DDC5BC /* Pokemon.app */ = {isa = PBXFileReference; explicitFileType = wrapper.application; includeInIndex = 0; path = Pokemon.app; sourceTree = BUILT_PRODUCTS_DIR; };
		347815301C6D7C1A00DDC5BC /* main.m */ = {isa = PBXFileReference; lastKnownFileType = sourcecode.c.objc; path = main.m; sourceTree = "<group>"; };
		347815321C6D7C1A00DDC5BC /* AppDelegate.h */ = {isa = PBXFileReference; lastKnownFileType = sourcecode.c.h; path = AppDelegate.h; sourceTree = "<group>"; };
		347815331C6D7C1A00DDC5BC /* AppDelegate.m */ = {isa = PBXFileReference; lastKnownFileType = sourcecode.c.objc; path = AppDelegate.m; sourceTree = "<group>"; };
		347815351C6D7C1A00DDC5BC /* GameScene.h */ = {isa = PBXFileReference; lastKnownFileType = sourcecode.c.h; path = GameScene.h; sourceTree = "<group>"; };
		347815361C6D7C1A00DDC5BC /* GameScene.m */ = {isa = PBXFileReference; lastKnownFileType = sourcecode.c.objc; path = GameScene.m; sourceTree = "<group>"; };
		347815381C6D7C1A00DDC5BC /* GameScene.sks */ = {isa = PBXFileReference; lastKnownFileType = file.sks; path = GameScene.sks; sourceTree = "<group>"; };
		3478153A1C6D7C1A00DDC5BC /* GameViewController.h */ = {isa = PBXFileReference; lastKnownFileType = sourcecode.c.h; path = GameViewController.h; sourceTree = "<group>"; };
		3478153B1C6D7C1A00DDC5BC /* GameViewController.m */ = {isa = PBXFileReference; lastKnownFileType = sourcecode.c.objc; path = GameViewController.m; sourceTree = "<group>"; };
		3478153E1C6D7C1A00DDC5BC /* Base */ = {isa = PBXFileReference; lastKnownFileType = file.storyboard; name = Base; path = Base.lproj/Main.storyboard; sourceTree = "<group>"; };
		347815401C6D7C1A00DDC5BC /* Assets.xcassets */ = {isa = PBXFileReference; lastKnownFileType = folder.assetcatalog; path = Assets.xcassets; sourceTree = "<group>"; };
		347815431C6D7C1A00DDC5BC /* Base */ = {isa = PBXFileReference; lastKnownFileType = file.storyboard; name = Base; path = Base.lproj/LaunchScreen.storyboard; sourceTree = "<group>"; };
		347815451C6D7C1A00DDC5BC /* Info.plist */ = {isa = PBXFileReference; lastKnownFileType = text.plist.xml; path = Info.plist; sourceTree = "<group>"; };
		3478154A1C6D7C1A00DDC5BC /* PokemonTests.xctest */ = {isa = PBXFileReference; explicitFileType = wrapper.cfbundle; includeInIndex = 0; path = PokemonTests.xctest; sourceTree = BUILT_PRODUCTS_DIR; };
		3478154E1C6D7C1A00DDC5BC /* PokemonTests.m */ = {isa = PBXFileReference; lastKnownFileType = sourcecode.c.objc; path = PokemonTests.m; sourceTree = "<group>"; };
		347815501C6D7C1A00DDC5BC /* Info.plist */ = {isa = PBXFileReference; lastKnownFileType = text.plist.xml; path = Info.plist; sourceTree = "<group>"; };
		347815551C6D7C1A00DDC5BC /* PokemonUITests.xctest */ = {isa = PBXFileReference; explicitFileType = wrapper.cfbundle; includeInIndex = 0; path = PokemonUITests.xctest; sourceTree = BUILT_PRODUCTS_DIR; };
		347815591C6D7C1A00DDC5BC /* PokemonUITests.m */ = {isa = PBXFileReference; lastKnownFileType = sourcecode.c.objc; path = PokemonUITests.m; sourceTree = "<group>"; };
		3478155B1C6D7C1A00DDC5BC /* Info.plist */ = {isa = PBXFileReference; lastKnownFileType = text.plist.xml; path = Info.plist; sourceTree = "<group>"; };
/* End PBXFileReference section */

/* Begin PBXFrameworksBuildPhase section */
		347815291C6D7C1A00DDC5BC /* Frameworks */ = {
			isa = PBXFrameworksBuildPhase;
			buildActionMask = 2147483647;
			files = (
			);
			runOnlyForDeploymentPostprocessing = 0;
		};
		347815471C6D7C1A00DDC5BC /* Frameworks */ = {
			isa = PBXFrameworksBuildPhase;
			buildActionMask = 2147483647;
			files = (
			);
			runOnlyForDeploymentPostprocessing = 0;
		};
		347815521C6D7C1A00DDC5BC /* Frameworks */ = {
			isa = PBXFrameworksBuildPhase;
			buildActionMask = 2147483647;
			files = (
			);
			runOnlyForDeploymentPostprocessing = 0;
		};
/* End PBXFrameworksBuildPhase section */

/* Begin PBXGroup section */
		347815231C6D7C1A00DDC5BC = {
			isa = PBXGroup;
			children = (
				3478152E1C6D7C1A00DDC5BC /* Pokemon */,
				3478154D1C6D7C1A00DDC5BC /* PokemonTests */,
				347815581C6D7C1A00DDC5BC /* PokemonUITests */,
				3478152D1C6D7C1A00DDC5BC /* Products */,
			);
			sourceTree = "<group>";
		};
		3478152D1C6D7C1A00DDC5BC /* Products */ = {
			isa = PBXGroup;
			children = (
				3478152C1C6D7C1A00DDC5BC /* Pokemon.app */,
				3478154A1C6D7C1A00DDC5BC /* PokemonTests.xctest */,
				347815551C6D7C1A00DDC5BC /* PokemonUITests.xctest */,
			);
			name = Products;
			sourceTree = "<group>";
		};
		3478152E1C6D7C1A00DDC5BC /* Pokemon */ = {
			isa = PBXGroup;
			children = (
				347815321C6D7C1A00DDC5BC /* AppDelegate.h */,
				347815331C6D7C1A00DDC5BC /* AppDelegate.m */,
				347815351C6D7C1A00DDC5BC /* GameScene.h */,
				347815361C6D7C1A00DDC5BC /* GameScene.m */,
				347815381C6D7C1A00DDC5BC /* GameScene.sks */,
				3478153A1C6D7C1A00DDC5BC /* GameViewController.h */,
				3478153B1C6D7C1A00DDC5BC /* GameViewController.m */,
				3478153D1C6D7C1A00DDC5BC /* Main.storyboard */,
				347815401C6D7C1A00DDC5BC /* Assets.xcassets */,
				347815421C6D7C1A00DDC5BC /* LaunchScreen.storyboard */,
				347815451C6D7C1A00DDC5BC /* Info.plist */,
				3478152F1C6D7C1A00DDC5BC /* Supporting Files */,
			);
			path = Pokemon;
			sourceTree = "<group>";
		};
		3478152F1C6D7C1A00DDC5BC /* Supporting Files */ = {
			isa = PBXGroup;
			children = (
				347815301C6D7C1A00DDC5BC /* main.m */,
			);
			name = "Supporting Files";
			sourceTree = "<group>";
		};
		3478154D1C6D7C1A00DDC5BC /* PokemonTests */ = {
			isa = PBXGroup;
			children = (
				3478154E1C6D7C1A00DDC5BC /* PokemonTests.m */,
				347815501C6D7C1A00DDC5BC /* Info.plist */,
			);
			path = PokemonTests;
			sourceTree = "<group>";
		};
		347815581C6D7C1A00DDC5BC /* PokemonUITests */ = {
			isa = PBXGroup;
			children = (
				347815591C6D7C1A00DDC5BC /* PokemonUITests.m */,
				3478155B1C6D7C1A00DDC5BC /* Info.plist */,
			);
			path = PokemonUITests;
			sourceTree = "<group>";
		};
/* End PBXGroup section */

/* Begin PBXNativeTarget section */
		3478152B1C6D7C1A00DDC5BC /* Pokemon */ = {
			isa = PBXNativeTarget;
			buildConfigurationList = 3478155E1C6D7C1A00DDC5BC /* Build configuration list for PBXNativeTarget "Pokemon" */;
			buildPhases = (
				347815281C6D7C1A00DDC5BC /* Sources */,
				347815291C6D7C1A00DDC5BC /* Frameworks */,
				3478152A1C6D7C1A00DDC5BC /* Resources */,
			);
			buildRules = (
			);
			dependencies = (
			);
			name = Pokemon;
			productName = Pokemon;
			productReference = 3478152C1C6D7C1A00DDC5BC /* Pokemon.app */;
			productType = "com.apple.product-type.application";
		};
		347815491C6D7C1A00DDC5BC /* PokemonTests */ = {
			isa = PBXNativeTarget;
			buildConfigurationList = 347815611C6D7C1A00DDC5BC /* Build configuration list for PBXNativeTarget "PokemonTests" */;
			buildPhases = (
				347815461C6D7C1A00DDC5BC /* Sources */,
				347815471C6D7C1A00DDC5BC /* Frameworks */,
				347815481C6D7C1A00DDC5BC /* Resources */,
			);
			buildRules = (
			);
			dependencies = (
				3478154C1C6D7C1A00DDC5BC /* PBXTargetDependency */,
			);
			name = PokemonTests;
			productName = PokemonTests;
			productReference = 3478154A1C6D7C1A00DDC5BC /* PokemonTests.xctest */;
			productType = "com.apple.product-type.bundle.unit-test";
		};
		347815541C6D7C1A00DDC5BC /* PokemonUITests */ = {
			isa = PBXNativeTarget;
			buildConfigurationList = 347815641C6D7C1A00DDC5BC /* Build configuration list for PBXNativeTarget "PokemonUITests" */;
			buildPhases = (
				347815511C6D7C1A00DDC5BC /* Sources */,
				347815521C6D7C1A00DDC5BC /* Frameworks */,
				347815531C6D7C1A00DDC5BC /* Resources */,
			);
			buildRules = (
			);
			dependencies = (
				347815571C6D7C1A00DDC5BC /* PBXTargetDependency */,
			);
			name = PokemonUITests;
			productName = PokemonUITests;
			productReference = 347815551C6D7C1A00DDC5BC /* PokemonUITests.xctest */;
			productType = "com.apple.product-type.bundle.ui-testing";
		};
/* End PBXNativeTarget section */

/* Begin PBXProject section */
		347815241C6D7C1A00DDC5BC /* Project object */ = {
			isa = PBXProject;
			attributes = {
				LastUpgradeCheck = 0720;
				ORGANIZATIONNAME = "Richard Freling";
				TargetAttributes = {
					3478152B1C6D7C1A00DDC5BC = {
						CreatedOnToolsVersion = 7.2.1;
					};
					347815491C6D7C1A00DDC5BC = {
						CreatedOnToolsVersion = 7.2.1;
						TestTargetID = 3478152B1C6D7C1A00DDC5BC;
					};
					347815541C6D7C1A00DDC5BC = {
						CreatedOnToolsVersion = 7.2.1;
						TestTargetID = 3478152B1C6D7C1A00DDC5BC;
					};
				};
			};
			buildConfigurationList = 347815271C6D7C1A00DDC5BC /* Build configuration list for PBXProject "Pokemon" */;
			compatibilityVersion = "Xcode 3.2";
			developmentRegion = English;
			hasScannedForEncodings = 0;
			knownRegions = (
				en,
				Base,
			);
			mainGroup = 347815231C6D7C1A00DDC5BC;
			productRefGroup = 3478152D1C6D7C1A00DDC5BC /* Products */;
			projectDirPath = "";
			projectRoot = "";
			targets = (
				3478152B1C6D7C1A00DDC5BC /* Pokemon */,
				347815491C6D7C1A00DDC5BC /* PokemonTests */,
				347815541C6D7C1A00DDC5BC /* PokemonUITests */,
			);
		};
/* End PBXProject section */

/* Begin PBXResourcesBuildPhase section */
		3478152A1C6D7C1A00DDC5BC /* Resources */ = {
			isa = PBXResourcesBuildPhase;
			buildActionMask = 2147483647;
			files = (
				347815391C6D7C1A00DDC5BC /* GameScene.sks in Resources */,
				347815441C6D7C1A00DDC5BC /* LaunchScreen.storyboard in Resources */,
				347815411C6D7C1A00DDC5BC /* Assets.xcassets in Resources */,
				3478153F1C6D7C1A00DDC5BC /* Main.storyboard in Resources */,
			);
			runOnlyForDeploymentPostprocessing = 0;
		};
		347815481C6D7C1A00DDC5BC /* Resources */ = {
			isa = PBXResourcesBuildPhase;
			buildActionMask = 2147483647;
			files = (
			);
			runOnlyForDeploymentPostprocessing = 0;
		};
		347815531C6D7C1A00DDC5BC /* Resources */ = {
			isa = PBXResourcesBuildPhase;
			buildActionMask = 2147483647;
			files = (
			);
			runOnlyForDeploymentPostprocessing = 0;
		};
/* End PBXResourcesBuildPhase section */

/* Begin PBXSourcesBuildPhase section */
		347815281C6D7C1A00DDC5BC /* Sources */ = {
			isa = PBXSourcesBuildPhase;
			buildActionMask = 2147483647;
			files = (
				3478153C1C6D7C1A00DDC5BC /* GameViewController.m in Sources */,
				347815341C6D7C1A00DDC5BC /* AppDelegate.m in Sources */,
				347815371C6D7C1A00DDC5BC /* GameScene.m in Sources */,
				347815311C6D7C1A00DDC5BC /* main.m in Sources */,
			);
			runOnlyForDeploymentPostprocessing = 0;
		};
		347815461C6D7C1A00DDC5BC /* Sources */ = {
			isa = PBXSourcesBuildPhase;
			buildActionMask = 2147483647;
			files = (
				3478154F1C6D7C1A00DDC5BC /* PokemonTests.m in Sources */,
			);
			runOnlyForDeploymentPostprocessing = 0;
		};
		347815511C6D7C1A00DDC5BC /* Sources */ = {
			isa = PBXSourcesBuildPhase;
			buildActionMask = 2147483647;
			files = (
				3478155A1C6D7C1A00DDC5BC /* PokemonUITests.m in Sources */,
			);
			runOnlyForDeploymentPostprocessing = 0;
		};
/* End PBXSourcesBuildPhase section */

/* Begin PBXTargetDependency section */
		3478154C1C6D7C1A00DDC5BC /* PBXTargetDependency */ = {
			isa = PBXTargetDependency;
			target = 3478152B1C6D7C1A00DDC5BC /* Pokemon */;
			targetProxy = 3478154B1C6D7C1A00DDC5BC /* PBXContainerItemProxy */;
		};
		347815571C6D7C1A00DDC5BC /* PBXTargetDependency */ = {
			isa = PBXTargetDependency;
			target = 3478152B1C6D7C1A00DDC5BC /* Pokemon */;
			targetProxy = 347815561C6D7C1A00DDC5BC /* PBXContainerItemProxy */;
		};
/* End PBXTargetDependency section */

/* Begin PBXVariantGroup section */
		3478153D1C6D7C1A00DDC5BC /* Main.storyboard */ = {
			isa = PBXVariantGroup;
			children = (
				3478153E1C6D7C1A00DDC5BC /* Base */,
			);
			name = Main.storyboard;
			sourceTree = "<group>";
		};
		347815421C6D7C1A00DDC5BC /* LaunchScreen.storyboard */ = {
			isa = PBXVariantGroup;
			children = (
				347815431C6D7C1A00DDC5BC /* Base */,
			);
			name = LaunchScreen.storyboard;
			sourceTree = "<group>";
		};
/* End PBXVariantGroup section */

/* Begin XCBuildConfiguration section */
		3478155C1C6D7C1A00DDC5BC /* Debug */ = {
			isa = XCBuildConfiguration;
			buildSettings = {
				ALWAYS_SEARCH_USER_PATHS = NO;
				CLANG_CXX_LANGUAGE_STANDARD = "gnu++0x";
				CLANG_CXX_LIBRARY = "libc++";
				CLANG_ENABLE_MODULES = YES;
				CLANG_ENABLE_OBJC_ARC = YES;
				CLANG_WARN_BOOL_CONVERSION = YES;
				CLANG_WARN_CONSTANT_CONVERSION = YES;
				CLANG_WARN_DIRECT_OBJC_ISA_USAGE = YES_ERROR;
				CLANG_WARN_EMPTY_BODY = YES;
				CLANG_WARN_ENUM_CONVERSION = YES;
				CLANG_WARN_INT_CONVERSION = YES;
				CLANG_WARN_OBJC_ROOT_CLASS = YES_ERROR;
				CLANG_WARN_UNREACHABLE_CODE = YES;
				CLANG_WARN__DUPLICATE_METHOD_MATCH = YES;
				"CODE_SIGN_IDENTITY[sdk=iphoneos*]" = "iPhone Developer";
				COPY_PHASE_STRIP = NO;
				DEBUG_INFORMATION_FORMAT = "dwarf-with-dsym";
				ENABLE_STRICT_OBJC_MSGSEND = YES;
				ENABLE_TESTABILITY = YES;
				GCC_C_LANGUAGE_STANDARD = gnu99;
				GCC_DYNAMIC_NO_PIC = NO;
				GCC_NO_COMMON_BLOCKS = YES;
				GCC_OPTIMIZATION_LEVEL = 0;
				GCC_PREPROCESSOR_DEFINITIONS = (
					"DEBUG=1",
					"$(inherited)",
				);
				GCC_WARN_64_TO_32_BIT_CONVERSION = YES;
				GCC_WARN_ABOUT_RETURN_TYPE = YES_ERROR;
				GCC_WARN_UNDECLARED_SELECTOR = YES;
				GCC_WARN_UNINITIALIZED_AUTOS = YES_AGGRESSIVE;
				GCC_WARN_UNUSED_FUNCTION = YES;
				GCC_WARN_UNUSED_VARIABLE = YES;
				IPHONEOS_DEPLOYMENT_TARGET = 9.2;
				MTL_ENABLE_DEBUG_INFO = YES;
				ONLY_ACTIVE_ARCH = YES;
				SDKROOT = iphoneos;
				TARGETED_DEVICE_FAMILY = "1,2";
			};
			name = Debug;
		};
		3478155D1C6D7C1A00DDC5BC /* Release */ = {
			isa = XCBuildConfiguration;
			buildSettings = {
				ALWAYS_SEARCH_USER_PATHS = NO;
				CLANG_CXX_LANGUAGE_STANDARD = "gnu++0x";
				CLANG_CXX_LIBRARY = "libc++";
				CLANG_ENABLE_MODULES = YES;
				CLANG_ENABLE_OBJC_ARC = YES;
				CLANG_WARN_BOOL_CONVERSION = YES;
				CLANG_WARN_CONSTANT_CONVERSION = YES;
				CLANG_WARN_DIRECT_OBJC_ISA_USAGE = YES_ERROR;
				CLANG_WARN_EMPTY_BODY = YES;
				CLANG_WARN_ENUM_CONVERSION = YES;
				CLANG_WARN_INT_CONVERSION = YES;
				CLANG_WARN_OBJC_ROOT_CLASS = YES_ERROR;
				CLANG_WARN_UNREACHABLE_CODE = YES;
				CLANG_WARN__DUPLICATE_METHOD_MATCH = YES;
				"CODE_SIGN_IDENTITY[sdk=iphoneos*]" = "iPhone Developer";
				COPY_PHASE_STRIP = NO;
				DEBUG_INFORMATION_FORMAT = "dwarf-with-dsym";
				ENABLE_NS_ASSERTIONS = NO;
				ENABLE_STRICT_OBJC_MSGSEND = YES;
				GCC_C_LANGUAGE_STANDARD = gnu99;
				GCC_NO_COMMON_BLOCKS = YES;
				GCC_WARN_64_TO_32_BIT_CONVERSION = YES;
				GCC_WARN_ABOUT_RETURN_TYPE = YES_ERROR;
				GCC_WARN_UNDECLARED_SELECTOR = YES;
				GCC_WARN_UNINITIALIZED_AUTOS = YES_AGGRESSIVE;
				GCC_WARN_UNUSED_FUNCTION = YES;
				GCC_WARN_UNUSED_VARIABLE = YES;
				IPHONEOS_DEPLOYMENT_TARGET = 9.2;
				MTL_ENABLE_DEBUG_INFO = NO;
				SDKROOT = iphoneos;
				TARGETED_DEVICE_FAMILY = "1,2";
				VALIDATE_PRODUCT = YES;
			};
			name = Release;
		};
		3478155F1C6D7C1A00DDC5BC /* Debug */ = {
			isa = XCBuildConfiguration;
			buildSettings = {
				ASSETCATALOG_COMPILER_APPICON_NAME = AppIcon;
				INFOPLIST_FILE = Pokemon/Info.plist;
				LD_RUNPATH_SEARCH_PATHS = "$(inherited) @executable_path/Frameworks";
				PRODUCT_BUNDLE_IDENTIFIER = IntroToIOS.Pokemon;
				PRODUCT_NAME = "$(TARGET_NAME)";
			};
			name = Debug;
		};
		347815601C6D7C1A00DDC5BC /* Release */ = {
			isa = XCBuildConfiguration;
			buildSettings = {
				ASSETCATALOG_COMPILER_APPICON_NAME = AppIcon;
				INFOPLIST_FILE = Pokemon/Info.plist;
				LD_RUNPATH_SEARCH_PATHS = "$(inherited) @executable_path/Frameworks";
				PRODUCT_BUNDLE_IDENTIFIER = IntroToIOS.Pokemon;
				PRODUCT_NAME = "$(TARGET_NAME)";
			};
			name = Release;
		};
		347815621C6D7C1A00DDC5BC /* Debug */ = {
			isa = XCBuildConfiguration;
			buildSettings = {
				BUNDLE_LOADER = "$(TEST_HOST)";
				DEBUG_INFORMATION_FORMAT = dwarf;
				INFOPLIST_FILE = PokemonTests/Info.plist;
				LD_RUNPATH_SEARCH_PATHS = "$(inherited) @executable_path/Frameworks @loader_path/Frameworks";
				PRODUCT_BUNDLE_IDENTIFIER = IntroToIOS.PokemonTests;
				PRODUCT_NAME = "$(TARGET_NAME)";
				TEST_HOST = "$(BUILT_PRODUCTS_DIR)/Pokemon.app/Pokemon";
			};
			name = Debug;
		};
		347815631C6D7C1A00DDC5BC /* Release */ = {
			isa = XCBuildConfiguration;
			buildSettings = {
				BUNDLE_LOADER = "$(TEST_HOST)";
				INFOPLIST_FILE = PokemonTests/Info.plist;
				LD_RUNPATH_SEARCH_PATHS = "$(inherited) @executable_path/Frameworks @loader_path/Frameworks";
				PRODUCT_BUNDLE_IDENTIFIER = IntroToIOS.PokemonTests;
				PRODUCT_NAME = "$(TARGET_NAME)";
				TEST_HOST = "$(BUILT_PRODUCTS_DIR)/Pokemon.app/Pokemon";
			};
			name = Release;
		};
		347815651C6D7C1A00DDC5BC /* Debug */ = {
			isa = XCBuildConfiguration;
			buildSettings = {
				DEBUG_INFORMATION_FORMAT = dwarf;
				INFOPLIST_FILE = PokemonUITests/Info.plist;
				LD_RUNPATH_SEARCH_PATHS = "$(inherited) @executable_path/Frameworks @loader_path/Frameworks";
				PRODUCT_BUNDLE_IDENTIFIER = IntroToIOS.PokemonUITests;
				PRODUCT_NAME = "$(TARGET_NAME)";
				TEST_TARGET_NAME = Pokemon;
				USES_XCTRUNNER = YES;
			};
			name = Debug;
		};
		347815661C6D7C1A00DDC5BC /* Release */ = {
			isa = XCBuildConfiguration;
			buildSettings = {
				INFOPLIST_FILE = PokemonUITests/Info.plist;
				LD_RUNPATH_SEARCH_PATHS = "$(inherited) @executable_path/Frameworks @loader_path/Frameworks";
				PRODUCT_BUNDLE_IDENTIFIER = IntroToIOS.PokemonUITests;
				PRODUCT_NAME = "$(TARGET_NAME)";
				TEST_TARGET_NAME = Pokemon;
				USES_XCTRUNNER = YES;
			};
			name = Release;
		};
/* End XCBuildConfiguration section */

/* Begin XCConfigurationList section */
		347815271C6D7C1A00DDC5BC /* Build configuration list for PBXProject "Pokemon" */ = {
			isa = XCConfigurationList;
			buildConfigurations = (
				3478155C1C6D7C1A00DDC5BC /* Debug */,
				3478155D1C6D7C1A00DDC5BC /* Release */,
			);
			defaultConfigurationIsVisible = 0;
			defaultConfigurationName = Release;
		};
		3478155E1C6D7C1A00DDC5BC /* Build configuration list for PBXNativeTarget "Pokemon" */ = {
			isa = XCConfigurationList;
			buildConfigurations = (
				3478155F1C6D7C1A00DDC5BC /* Debug */,
				347815601C6D7C1A00DDC5BC /* Release */,
			);
			defaultConfigurationIsVisible = 0;
		};
		347815611C6D7C1A00DDC5BC /* Build configuration list for PBXNativeTarget "PokemonTests" */ = {
			isa = XCConfigurationList;
			buildConfigurations = (
				347815621C6D7C1A00DDC5BC /* Debug */,
				347815631C6D7C1A00DDC5BC /* Release */,
			);
			defaultConfigurationIsVisible = 0;
		};
		347815641C6D7C1A00DDC5BC /* Build configuration list for PBXNativeTarget "PokemonUITests" */ = {
			isa = XCConfigurationList;
			buildConfigurations = (
				347815651C6D7C1A00DDC5BC /* Debug */,
				347815661C6D7C1A00DDC5BC /* Release */,
			);
			defaultConfigurationIsVisible = 0;
		};
/* End XCConfigurationList section */
	};
	rootObject = 347815241C6D7C1A00DDC5BC /* Project object */;
}
